
Microsoft Visual Studio Solution File, Format Version 12.00
# Visual Studio Version 17
VisualStudioVersion = 17.4.33122.133
MinimumVisualStudioVersion = 10.0.40219.1
Project("{FAE04EC0-301F-11D3-BF4B-00C04F79EFBC}") = "TDDPractice", "TDDPractice\TDDPractice.csproj", "{5D83E074-C621-4460-B679-40EADFD844A4}"
EndProject
Project("{FAE04EC0-301F-11D3-BF4B-00C04F79EFBC}") = "TDDTest", "TDDTest\TDDTest.csproj", "{36E1B216-8422-4E05-B0BD-E619A3C46222}"
EndProject
Global
	GlobalSection(SolutionConfigurationPlatforms) = preSolution
		Debug|Any CPU = Debug|Any CPU
		Release|Any CPU = Release|Any CPU
	EndGlobalSection
	GlobalSection(ProjectConfigurationPlatforms) = postSolution
		{5D83E074-C621-4460-B679-40EADFD844A4}.Debug|Any CPU.ActiveCfg = Debug|Any CPU
		{5D83E074-C621-4460-B679-40EADFD844A4}.Debug|Any CPU.Build.0 = Debug|Any CPU
		{5D83E074-C621-4460-B679-40EADFD844A4}.Release|Any CPU.ActiveCfg = Release|Any CPU
		{5D83E074-C621-4460-B679-40EADFD844A4}.Release|Any CPU.Build.0 = Release|Any CPU
		{36E1B216-8422-4E05-B0BD-E619A3C46222}.Debug|Any CPU.ActiveCfg = Debug|Any CPU
		{36E1B216-8422-4E05-B0BD-E619A3C46222}.Debug|Any CPU.Build.0 = Debug|Any CPU
		{36E1B216-8422-4E05-B0BD-E619A3C46222}.Release|Any CPU.ActiveCfg = Release|Any CPU
		{36E1B216-8422-4E05-B0BD-E619A3C46222}.Release|Any CPU.Build.0 = Release|Any CPU
	EndGlobalSection
	GlobalSection(SolutionProperties) = preSolution
		HideSolutionNode = FALSE
	EndGlobalSection
	GlobalSection(ExtensibilityGlobals) = postSolution
		SolutionGuid = {7363CBFF-7D80-4C9F-858B-53AD98940B95}
	EndGlobalSection
EndGlobal
